
Microsoft Visual Studio Solution File, Format Version 12.00
# Visual Studio 2012
Project("{FAE04EC0-301F-11D3-BF4B-00C04F79EFBC}") = "Meltdown.Game", "Meltdown.Game\Meltdown.Game.csproj", "{2722FD7A-AD1C-4BA4-9A5E-D75565C477E0}"
EndProject
Project("{FAE04EC0-301F-11D3-BF4B-00C04F79EFBC}") = "Meltdown.Core", "Meltdown.Core\Meltdown.Core.csproj", "{FC2C0902-857C-45EF-93C1-6141307D66C9}"
EndProject
Project("{FAE04EC0-301F-11D3-BF4B-00C04F79EFBC}") = "ScriptRunner", "ScriptRunner\ScriptRunner.csproj", "{301AC278-A5BE-49B4-A162-EF4963EDA771}"
EndProject
Global
	GlobalSection(SolutionConfigurationPlatforms) = preSolution
		Debug|Any CPU = Debug|Any CPU
		Release|Any CPU = Release|Any CPU
	EndGlobalSection
	GlobalSection(ProjectConfigurationPlatforms) = postSolution
		{2722FD7A-AD1C-4BA4-9A5E-D75565C477E0}.Debug|Any CPU.ActiveCfg = Debug|Any CPU
		{2722FD7A-AD1C-4BA4-9A5E-D75565C477E0}.Debug|Any CPU.Build.0 = Debug|Any CPU
		{2722FD7A-AD1C-4BA4-9A5E-D75565C477E0}.Release|Any CPU.ActiveCfg = Release|Any CPU
		{2722FD7A-AD1C-4BA4-9A5E-D75565C477E0}.Release|Any CPU.Build.0 = Release|Any CPU
		{FC2C0902-857C-45EF-93C1-6141307D66C9}.Debug|Any CPU.ActiveCfg = Debug|Any CPU
		{FC2C0902-857C-45EF-93C1-6141307D66C9}.Debug|Any CPU.Build.0 = Debug|Any CPU
		{FC2C0902-857C-45EF-93C1-6141307D66C9}.Release|Any CPU.ActiveCfg = Release|Any CPU
		{FC2C0902-857C-45EF-93C1-6141307D66C9}.Release|Any CPU.Build.0 = Release|Any CPU
		{301AC278-A5BE-49B4-A162-EF4963EDA771}.Debug|Any CPU.ActiveCfg = Debug|Any CPU
		{301AC278-A5BE-49B4-A162-EF4963EDA771}.Debug|Any CPU.Build.0 = Debug|Any CPU
		{301AC278-A5BE-49B4-A162-EF4963EDA771}.Release|Any CPU.ActiveCfg = Release|Any CPU
		{301AC278-A5BE-49B4-A162-EF4963EDA771}.Release|Any CPU.Build.0 = Release|Any CPU
	EndGlobalSection
	GlobalSection(SolutionProperties) = preSolution
		HideSolutionNode = FALSE
	EndGlobalSection
EndGlobal
